// !$*UTF8*$!
{
	archiveVersion = 1;
	classes = {
	};
	objectVersion = 46;
	objects = {

/* Begin PBXBuildFile section */
		652C99541B30BE3C00F6C966 /* main.m in Sources */ = {isa = PBXBuildFile; fileRef = 652C99531B30BE3C00F6C966 /* main.m */; };
		652C99571B30BE3C00F6C966 /* AppDelegate.m in Sources */ = {isa = PBXBuildFile; fileRef = 652C99561B30BE3C00F6C966 /* AppDelegate.m */; };
		652C995A1B30BE3C00F6C966 /* STARBus.xcdatamodeld in Sources */ = {isa = PBXBuildFile; fileRef = 652C99581B30BE3C00F6C966 /* STARBus.xcdatamodeld */; };
		652C995D1B30BE3C00F6C966 /* ViewController.m in Sources */ = {isa = PBXBuildFile; fileRef = 652C995C1B30BE3C00F6C966 /* ViewController.m */; };
		652C99601B30BE3C00F6C966 /* Main.storyboard in Resources */ = {isa = PBXBuildFile; fileRef = 652C995E1B30BE3C00F6C966 /* Main.storyboard */; };
		652C99621B30BE3C00F6C966 /* Images.xcassets in Resources */ = {isa = PBXBuildFile; fileRef = 652C99611B30BE3C00F6C966 /* Images.xcassets */; };
		652C99651B30BE3C00F6C966 /* LaunchScreen.xib in Resources */ = {isa = PBXBuildFile; fileRef = 652C99631B30BE3C00F6C966 /* LaunchScreen.xib */; };
		652C99711B30BE3D00F6C966 /* STARBusTests.m in Sources */ = {isa = PBXBuildFile; fileRef = 652C99701B30BE3D00F6C966 /* STARBusTests.m */; };
		65DED9EB1B389EC4005A6876 /* agency.txt in Resources */ = {isa = PBXBuildFile; fileRef = 65DED9E11B389EC4005A6876 /* agency.txt */; };
		65DED9EC1B389EC4005A6876 /* agency.txt in Resources */ = {isa = PBXBuildFile; fileRef = 65DED9E11B389EC4005A6876 /* agency.txt */; };
		65DED9ED1B389EC4005A6876 /* calendar.txt in Resources */ = {isa = PBXBuildFile; fileRef = 65DED9E21B389EC4005A6876 /* calendar.txt */; };
		65DED9EE1B389EC4005A6876 /* calendar.txt in Resources */ = {isa = PBXBuildFile; fileRef = 65DED9E21B389EC4005A6876 /* calendar.txt */; };
		65DED9EF1B389EC4005A6876 /* calendar_dates.txt in Resources */ = {isa = PBXBuildFile; fileRef = 65DED9E31B389EC4005A6876 /* calendar_dates.txt */; };
		65DED9F01B389EC4005A6876 /* calendar_dates.txt in Resources */ = {isa = PBXBuildFile; fileRef = 65DED9E31B389EC4005A6876 /* calendar_dates.txt */; };
		65DED9F11B389EC4005A6876 /* feed_info.txt in Resources */ = {isa = PBXBuildFile; fileRef = 65DED9E41B389EC4005A6876 /* feed_info.txt */; };
		65DED9F21B389EC4005A6876 /* feed_info.txt in Resources */ = {isa = PBXBuildFile; fileRef = 65DED9E41B389EC4005A6876 /* feed_info.txt */; };
		65DED9F31B389EC4005A6876 /* routes.txt in Resources */ = {isa = PBXBuildFile; fileRef = 65DED9E51B389EC4005A6876 /* routes.txt */; };
		65DED9F41B389EC4005A6876 /* routes.txt in Resources */ = {isa = PBXBuildFile; fileRef = 65DED9E51B389EC4005A6876 /* routes.txt */; };
		65DED9F51B389EC4005A6876 /* routes_additionals.txt in Resources */ = {isa = PBXBuildFile; fileRef = 65DED9E61B389EC4005A6876 /* routes_additionals.txt */; };
		65DED9F61B389EC4005A6876 /* routes_additionals.txt in Resources */ = {isa = PBXBuildFile; fileRef = 65DED9E61B389EC4005A6876 /* routes_additionals.txt */; };
		65DED9F71B389EC4005A6876 /* stop_times.txt in Resources */ = {isa = PBXBuildFile; fileRef = 65DED9E71B389EC4005A6876 /* stop_times.txt */; };
		65DED9F81B389EC4005A6876 /* stop_times.txt in Resources */ = {isa = PBXBuildFile; fileRef = 65DED9E71B389EC4005A6876 /* stop_times.txt */; };
		65DED9F91B389EC4005A6876 /* stops.txt in Resources */ = {isa = PBXBuildFile; fileRef = 65DED9E81B389EC4005A6876 /* stops.txt */; };
		65DED9FA1B389EC4005A6876 /* stops.txt in Resources */ = {isa = PBXBuildFile; fileRef = 65DED9E81B389EC4005A6876 /* stops.txt */; };
		65DED9FB1B389EC4005A6876 /* stops_extensions.txt in Resources */ = {isa = PBXBuildFile; fileRef = 65DED9E91B389EC4005A6876 /* stops_extensions.txt */; };
		65DED9FC1B389EC4005A6876 /* stops_extensions.txt in Resources */ = {isa = PBXBuildFile; fileRef = 65DED9E91B389EC4005A6876 /* stops_extensions.txt */; };
		65DED9FD1B389EC4005A6876 /* trips.txt in Resources */ = {isa = PBXBuildFile; fileRef = 65DED9EA1B389EC4005A6876 /* trips.txt */; };
		65DED9FE1B389EC4005A6876 /* trips.txt in Resources */ = {isa = PBXBuildFile; fileRef = 65DED9EA1B389EC4005A6876 /* trips.txt */; };
		65DEDA011B389F53005A6876 /* StarBusModel.xcdatamodeld in Sources */ = {isa = PBXBuildFile; fileRef = 65DED9FF1B389F53005A6876 /* StarBusModel.xcdatamodeld */; };
		65DEDA021B389F53005A6876 /* StarBusModel.xcdatamodeld in Sources */ = {isa = PBXBuildFile; fileRef = 65DED9FF1B389F53005A6876 /* StarBusModel.xcdatamodeld */; };
/* End PBXBuildFile section */

/* Begin PBXContainerItemProxy section */
		652C996B1B30BE3D00F6C966 /* PBXContainerItemProxy */ = {
			isa = PBXContainerItemProxy;
			containerPortal = 652C99461B30BE3C00F6C966 /* Project object */;
			proxyType = 1;
			remoteGlobalIDString = 652C994D1B30BE3C00F6C966;
			remoteInfo = STARBus;
		};
/* End PBXContainerItemProxy section */

/* Begin PBXFileReference section */
		652C994E1B30BE3C00F6C966 /* STARBus.app */ = {isa = PBXFileReference; explicitFileType = wrapper.application; includeInIndex = 0; path = STARBus.app; sourceTree = BUILT_PRODUCTS_DIR; };
		652C99521B30BE3C00F6C966 /* Info.plist */ = {isa = PBXFileReference; lastKnownFileType = text.plist.xml; path = Info.plist; sourceTree = "<group>"; };
		652C99531B30BE3C00F6C966 /* main.m */ = {isa = PBXFileReference; lastKnownFileType = sourcecode.c.objc; path = main.m; sourceTree = "<group>"; };
		652C99551B30BE3C00F6C966 /* AppDelegate.h */ = {isa = PBXFileReference; lastKnownFileType = sourcecode.c.h; path = AppDelegate.h; sourceTree = "<group>"; };
		652C99561B30BE3C00F6C966 /* AppDelegate.m */ = {isa = PBXFileReference; lastKnownFileType = sourcecode.c.objc; path = AppDelegate.m; sourceTree = "<group>"; };
		652C99591B30BE3C00F6C966 /* STARBus.xcdatamodel */ = {isa = PBXFileReference; lastKnownFileType = wrapper.xcdatamodel; path = STARBus.xcdatamodel; sourceTree = "<group>"; };
		652C995B1B30BE3C00F6C966 /* ViewController.h */ = {isa = PBXFileReference; lastKnownFileType = sourcecode.c.h; path = ViewController.h; sourceTree = "<group>"; };
		652C995C1B30BE3C00F6C966 /* ViewController.m */ = {isa = PBXFileReference; lastKnownFileType = sourcecode.c.objc; path = ViewController.m; sourceTree = "<group>"; };
		652C995F1B30BE3C00F6C966 /* Base */ = {isa = PBXFileReference; lastKnownFileType = file.storyboard; name = Base; path = Base.lproj/Main.storyboard; sourceTree = "<group>"; };
		652C99611B30BE3C00F6C966 /* Images.xcassets */ = {isa = PBXFileReference; lastKnownFileType = folder.assetcatalog; path = Images.xcassets; sourceTree = "<group>"; };
		652C99641B30BE3C00F6C966 /* Base */ = {isa = PBXFileReference; lastKnownFileType = file.xib; name = Base; path = Base.lproj/LaunchScreen.xib; sourceTree = "<group>"; };
		652C996A1B30BE3D00F6C966 /* STARBusTests.xctest */ = {isa = PBXFileReference; explicitFileType = wrapper.cfbundle; includeInIndex = 0; path = STARBusTests.xctest; sourceTree = BUILT_PRODUCTS_DIR; };
		652C996F1B30BE3D00F6C966 /* Info.plist */ = {isa = PBXFileReference; lastKnownFileType = text.plist.xml; path = Info.plist; sourceTree = "<group>"; };
		652C99701B30BE3D00F6C966 /* STARBusTests.m */ = {isa = PBXFileReference; lastKnownFileType = sourcecode.c.objc; path = STARBusTests.m; sourceTree = "<group>"; };
		65DED9E11B389EC4005A6876 /* agency.txt */ = {isa = PBXFileReference; fileEncoding = 4; lastKnownFileType = text; path = agency.txt; sourceTree = "<group>"; };
		65DED9E21B389EC4005A6876 /* calendar.txt */ = {isa = PBXFileReference; fileEncoding = 4; lastKnownFileType = text; path = calendar.txt; sourceTree = "<group>"; };
		65DED9E31B389EC4005A6876 /* calendar_dates.txt */ = {isa = PBXFileReference; fileEncoding = 4; lastKnownFileType = text; path = calendar_dates.txt; sourceTree = "<group>"; };
		65DED9E41B389EC4005A6876 /* feed_info.txt */ = {isa = PBXFileReference; fileEncoding = 4; lastKnownFileType = text; path = feed_info.txt; sourceTree = "<group>"; };
		65DED9E51B389EC4005A6876 /* routes.txt */ = {isa = PBXFileReference; fileEncoding = 4; lastKnownFileType = text; path = routes.txt; sourceTree = "<group>"; };
		65DED9E61B389EC4005A6876 /* routes_additionals.txt */ = {isa = PBXFileReference; fileEncoding = 4; lastKnownFileType = text; path = routes_additionals.txt; sourceTree = "<group>"; };
		65DED9E71B389EC4005A6876 /* stop_times.txt */ = {isa = PBXFileReference; fileEncoding = 4; lastKnownFileType = text; path = stop_times.txt; sourceTree = "<group>"; };
		65DED9E81B389EC4005A6876 /* stops.txt */ = {isa = PBXFileReference; fileEncoding = 4; lastKnownFileType = text; path = stops.txt; sourceTree = "<group>"; };
		65DED9E91B389EC4005A6876 /* stops_extensions.txt */ = {isa = PBXFileReference; fileEncoding = 4; lastKnownFileType = text; path = stops_extensions.txt; sourceTree = "<group>"; };
		65DED9EA1B389EC4005A6876 /* trips.txt */ = {isa = PBXFileReference; fileEncoding = 4; lastKnownFileType = text; path = trips.txt; sourceTree = "<group>"; };
		65DEDA001B389F53005A6876 /* StarBusModel.xcdatamodel */ = {isa = PBXFileReference; lastKnownFileType = wrapper.xcdatamodel; path = StarBusModel.xcdatamodel; sourceTree = "<group>"; };
/* End PBXFileReference section */

/* Begin PBXFrameworksBuildPhase section */
		652C994B1B30BE3C00F6C966 /* Frameworks */ = {
			isa = PBXFrameworksBuildPhase;
			buildActionMask = 2147483647;
			files = (
			);
			runOnlyForDeploymentPostprocessing = 0;
		};
		652C99671B30BE3D00F6C966 /* Frameworks */ = {
			isa = PBXFrameworksBuildPhase;
			buildActionMask = 2147483647;
			files = (
			);
			runOnlyForDeploymentPostprocessing = 0;
		};
/* End PBXFrameworksBuildPhase section */

/* Begin PBXGroup section */
		652C99451B30BE3C00F6C966 = {
			isa = PBXGroup;
			children = (
				652C99501B30BE3C00F6C966 /* STARBus */,
				652C996D1B30BE3D00F6C966 /* STARBusTests */,
				652C994F1B30BE3C00F6C966 /* Products */,
			);
			sourceTree = "<group>";
		};
		652C994F1B30BE3C00F6C966 /* Products */ = {
			isa = PBXGroup;
			children = (
				652C994E1B30BE3C00F6C966 /* STARBus.app */,
				652C996A1B30BE3D00F6C966 /* STARBusTests.xctest */,
			);
			name = Products;
			sourceTree = "<group>";
		};
		652C99501B30BE3C00F6C966 /* STARBus */ = {
			isa = PBXGroup;
			children = (
				65DED9DE1B389EC4005A6876 /* UI */,
				65DED9DF1B389EC4005A6876 /* Model */,
				65DED9E01B389EC4005A6876 /* GTFS */,
				652C99551B30BE3C00F6C966 /* AppDelegate.h */,
				652C99561B30BE3C00F6C966 /* AppDelegate.m */,
				652C995B1B30BE3C00F6C966 /* ViewController.h */,
				652C995C1B30BE3C00F6C966 /* ViewController.m */,
				652C995E1B30BE3C00F6C966 /* Main.storyboard */,
				652C99611B30BE3C00F6C966 /* Images.xcassets */,
				652C99631B30BE3C00F6C966 /* LaunchScreen.xib */,
				652C99581B30BE3C00F6C966 /* STARBus.xcdatamodeld */,
				652C99511B30BE3C00F6C966 /* Supporting Files */,
			);
			path = STARBus;
			sourceTree = "<group>";
		};
		652C99511B30BE3C00F6C966 /* Supporting Files */ = {
			isa = PBXGroup;
			children = (
				652C99521B30BE3C00F6C966 /* Info.plist */,
				652C99531B30BE3C00F6C966 /* main.m */,
			);
			name = "Supporting Files";
			sourceTree = "<group>";
		};
		652C996D1B30BE3D00F6C966 /* STARBusTests */ = {
			isa = PBXGroup;
			children = (
				652C99701B30BE3D00F6C966 /* STARBusTests.m */,
				652C996E1B30BE3D00F6C966 /* Supporting Files */,
			);
			path = STARBusTests;
			sourceTree = "<group>";
		};
		652C996E1B30BE3D00F6C966 /* Supporting Files */ = {
			isa = PBXGroup;
			children = (
				652C996F1B30BE3D00F6C966 /* Info.plist */,
			);
			name = "Supporting Files";
			sourceTree = "<group>";
		};
		65DED9DE1B389EC4005A6876 /* UI */ = {
			isa = PBXGroup;
			children = (
			);
			path = UI;
			sourceTree = "<group>";
		};
		65DED9DF1B389EC4005A6876 /* Model */ = {
			isa = PBXGroup;
			children = (
				65DED9FF1B389F53005A6876 /* StarBusModel.xcdatamodeld */,
			);
			path = Model;
			sourceTree = "<group>";
		};
		65DED9E01B389EC4005A6876 /* GTFS */ = {
			isa = PBXGroup;
			children = (
				65DED9E11B389EC4005A6876 /* agency.txt */,
				65DED9E21B389EC4005A6876 /* calendar.txt */,
				65DED9E31B389EC4005A6876 /* calendar_dates.txt */,
				65DED9E41B389EC4005A6876 /* feed_info.txt */,
				65DED9E51B389EC4005A6876 /* routes.txt */,
				65DED9E61B389EC4005A6876 /* routes_additionals.txt */,
				65DED9E71B389EC4005A6876 /* stop_times.txt */,
				65DED9E81B389EC4005A6876 /* stops.txt */,
				65DED9E91B389EC4005A6876 /* stops_extensions.txt */,
				65DED9EA1B389EC4005A6876 /* trips.txt */,
			);
			path = GTFS;
			sourceTree = "<group>";
		};
/* End PBXGroup section */

/* Begin PBXNativeTarget section */
		652C994D1B30BE3C00F6C966 /* STARBus */ = {
			isa = PBXNativeTarget;
			buildConfigurationList = 652C99741B30BE3D00F6C966 /* Build configuration list for PBXNativeTarget "STARBus" */;
			buildPhases = (
				652C994A1B30BE3C00F6C966 /* Sources */,
				652C994B1B30BE3C00F6C966 /* Frameworks */,
				652C994C1B30BE3C00F6C966 /* Resources */,
			);
			buildRules = (
			);
			dependencies = (
			);
			name = STARBus;
			productName = STARBus;
			productReference = 652C994E1B30BE3C00F6C966 /* STARBus.app */;
			productType = "com.apple.product-type.application";
		};
		652C99691B30BE3D00F6C966 /* STARBusTests */ = {
			isa = PBXNativeTarget;
			buildConfigurationList = 652C99771B30BE3D00F6C966 /* Build configuration list for PBXNativeTarget "STARBusTests" */;
			buildPhases = (
				652C99661B30BE3D00F6C966 /* Sources */,
				652C99671B30BE3D00F6C966 /* Frameworks */,
				652C99681B30BE3D00F6C966 /* Resources */,
			);
			buildRules = (
			);
			dependencies = (
				652C996C1B30BE3D00F6C966 /* PBXTargetDependency */,
			);
			name = STARBusTests;
			productName = STARBusTests;
			productReference = 652C996A1B30BE3D00F6C966 /* STARBusTests.xctest */;
			productType = "com.apple.product-type.bundle.unit-test";
		};
/* End PBXNativeTarget section */

/* Begin PBXProject section */
		652C99461B30BE3C00F6C966 /* Project object */ = {
			isa = PBXProject;
			attributes = {
				LastUpgradeCheck = 0630;
				ORGANIZATIONNAME = romainrolland;
				TargetAttributes = {
					652C994D1B30BE3C00F6C966 = {
						CreatedOnToolsVersion = 6.3;
					};
					652C99691B30BE3D00F6C966 = {
						CreatedOnToolsVersion = 6.3;
						TestTargetID = 652C994D1B30BE3C00F6C966;
					};
				};
			};
			buildConfigurationList = 652C99491B30BE3C00F6C966 /* Build configuration list for PBXProject "STARBus" */;
			compatibilityVersion = "Xcode 3.2";
			developmentRegion = English;
			hasScannedForEncodings = 0;
			knownRegions = (
				en,
				Base,
			);
			mainGroup = 652C99451B30BE3C00F6C966;
			productRefGroup = 652C994F1B30BE3C00F6C966 /* Products */;
			projectDirPath = "";
			projectRoot = "";
			targets = (
				652C994D1B30BE3C00F6C966 /* STARBus */,
				652C99691B30BE3D00F6C966 /* STARBusTests */,
			);
		};
/* End PBXProject section */

/* Begin PBXResourcesBuildPhase section */
		652C994C1B30BE3C00F6C966 /* Resources */ = {
			isa = PBXResourcesBuildPhase;
			buildActionMask = 2147483647;
			files = (
				65DED9ED1B389EC4005A6876 /* calendar.txt in Resources */,
				652C99601B30BE3C00F6C966 /* Main.storyboard in Resources */,
				65DED9FB1B389EC4005A6876 /* stops_extensions.txt in Resources */,
				65DED9F31B389EC4005A6876 /* routes.txt in Resources */,
				65DED9F11B389EC4005A6876 /* feed_info.txt in Resources */,
				65DED9F91B389EC4005A6876 /* stops.txt in Resources */,
				652C99651B30BE3C00F6C966 /* LaunchScreen.xib in Resources */,
				65DED9F51B389EC4005A6876 /* routes_additionals.txt in Resources */,
				65DED9FD1B389EC4005A6876 /* trips.txt in Resources */,
				652C99621B30BE3C00F6C966 /* Images.xcassets in Resources */,
				65DED9F71B389EC4005A6876 /* stop_times.txt in Resources */,
				65DED9EF1B389EC4005A6876 /* calendar_dates.txt in Resources */,
				65DED9EB1B389EC4005A6876 /* agency.txt in Resources */,
			);
			runOnlyForDeploymentPostprocessing = 0;
		};
		652C99681B30BE3D00F6C966 /* Resources */ = {
			isa = PBXResourcesBuildPhase;
			buildActionMask = 2147483647;
			files = (
				65DED9FA1B389EC4005A6876 /* stops.txt in Resources */,
				65DED9F41B389EC4005A6876 /* routes.txt in Resources */,
				65DED9EE1B389EC4005A6876 /* calendar.txt in Resources */,
				65DED9FE1B389EC4005A6876 /* trips.txt in Resources */,
				65DED9F81B389EC4005A6876 /* stop_times.txt in Resources */,
				65DED9F01B389EC4005A6876 /* calendar_dates.txt in Resources */,
				65DED9F21B389EC4005A6876 /* feed_info.txt in Resources */,
				65DED9EC1B389EC4005A6876 /* agency.txt in Resources */,
				65DED9F61B389EC4005A6876 /* routes_additionals.txt in Resources */,
				65DED9FC1B389EC4005A6876 /* stops_extensions.txt in Resources */,
			);
			runOnlyForDeploymentPostprocessing = 0;
		};
/* End PBXResourcesBuildPhase section */

/* Begin PBXSourcesBuildPhase section */
		652C994A1B30BE3C00F6C966 /* Sources */ = {
			isa = PBXSourcesBuildPhase;
			buildActionMask = 2147483647;
			files = (
				652C995A1B30BE3C00F6C966 /* STARBus.xcdatamodeld in Sources */,
				65DEDA011B389F53005A6876 /* StarBusModel.xcdatamodeld in Sources */,
				652C99571B30BE3C00F6C966 /* AppDelegate.m in Sources */,
				652C995D1B30BE3C00F6C966 /* ViewController.m in Sources */,
				652C99541B30BE3C00F6C966 /* main.m in Sources */,
			);
			runOnlyForDeploymentPostprocessing = 0;
		};
		652C99661B30BE3D00F6C966 /* Sources */ = {
			isa = PBXSourcesBuildPhase;
			buildActionMask = 2147483647;
			files = (
				65DEDA021B389F53005A6876 /* StarBusModel.xcdatamodeld in Sources */,
				652C99711B30BE3D00F6C966 /* STARBusTests.m in Sources */,
			);
			runOnlyForDeploymentPostprocessing = 0;
		};
/* End PBXSourcesBuildPhase section */

/* Begin PBXTargetDependency section */
		652C996C1B30BE3D00F6C966 /* PBXTargetDependency */ = {
			isa = PBXTargetDependency;
			target = 652C994D1B30BE3C00F6C966 /* STARBus */;
			targetProxy = 652C996B1B30BE3D00F6C966 /* PBXContainerItemProxy */;
		};
/* End PBXTargetDependency section */

/* Begin PBXVariantGroup section */
		652C995E1B30BE3C00F6C966 /* Main.storyboard */ = {
			isa = PBXVariantGroup;
			children = (
				652C995F1B30BE3C00F6C966 /* Base */,
			);
			name = Main.storyboard;
			sourceTree = "<group>";
		};
		652C99631B30BE3C00F6C966 /* LaunchScreen.xib */ = {
			isa = PBXVariantGroup;
			children = (
				652C99641B30BE3C00F6C966 /* Base */,
			);
			name = LaunchScreen.xib;
			sourceTree = "<group>";
		};
/* End PBXVariantGroup section */

/* Begin XCBuildConfiguration section */
		652C99721B30BE3D00F6C966 /* Debug */ = {
			isa = XCBuildConfiguration;
			buildSettings = {
				ALWAYS_SEARCH_USER_PATHS = NO;
				CLANG_CXX_LANGUAGE_STANDARD = "gnu++0x";
				CLANG_CXX_LIBRARY = "libc++";
				CLANG_ENABLE_MODULES = YES;
				CLANG_ENABLE_OBJC_ARC = YES;
				CLANG_WARN_BOOL_CONVERSION = YES;
				CLANG_WARN_CONSTANT_CONVERSION = YES;
				CLANG_WARN_DIRECT_OBJC_ISA_USAGE = YES_ERROR;
				CLANG_WARN_EMPTY_BODY = YES;
				CLANG_WARN_ENUM_CONVERSION = YES;
				CLANG_WARN_INT_CONVERSION = YES;
				CLANG_WARN_OBJC_ROOT_CLASS = YES_ERROR;
				CLANG_WARN_UNREACHABLE_CODE = YES;
				CLANG_WARN__DUPLICATE_METHOD_MATCH = YES;
				"CODE_SIGN_IDENTITY[sdk=iphoneos*]" = "iPhone Developer";
				COPY_PHASE_STRIP = NO;
				DEBUG_INFORMATION_FORMAT = "dwarf-with-dsym";
				ENABLE_STRICT_OBJC_MSGSEND = YES;
				GCC_C_LANGUAGE_STANDARD = gnu99;
				GCC_DYNAMIC_NO_PIC = NO;
				GCC_NO_COMMON_BLOCKS = YES;
				GCC_OPTIMIZATION_LEVEL = 0;
				GCC_PREPROCESSOR_DEFINITIONS = (
					"DEBUG=1",
					"$(inherited)",
				);
				GCC_SYMBOLS_PRIVATE_EXTERN = NO;
				GCC_WARN_64_TO_32_BIT_CONVERSION = YES;
				GCC_WARN_ABOUT_RETURN_TYPE = YES_ERROR;
				GCC_WARN_UNDECLARED_SELECTOR = YES;
				GCC_WARN_UNINITIALIZED_AUTOS = YES_AGGRESSIVE;
				GCC_WARN_UNUSED_FUNCTION = YES;
				GCC_WARN_UNUSED_VARIABLE = YES;
				IPHONEOS_DEPLOYMENT_TARGET = 8.3;
				MTL_ENABLE_DEBUG_INFO = YES;
				ONLY_ACTIVE_ARCH = YES;
				SDKROOT = iphoneos;
				TARGETED_DEVICE_FAMILY = "1,2";
			};
			name = Debug;
		};
		652C99731B30BE3D00F6C966 /* Release */ = {
			isa = XCBuildConfiguration;
			buildSettings = {
				ALWAYS_SEARCH_USER_PATHS = NO;
				CLANG_CXX_LANGUAGE_STANDARD = "gnu++0x";
				CLANG_CXX_LIBRARY = "libc++";
				CLANG_ENABLE_MODULES = YES;
				CLANG_ENABLE_OBJC_ARC = YES;
				CLANG_WARN_BOOL_CONVERSION = YES;
				CLANG_WARN_CONSTANT_CONVERSION = YES;
				CLANG_WARN_DIRECT_OBJC_ISA_USAGE = YES_ERROR;
				CLANG_WARN_EMPTY_BODY = YES;
				CLANG_WARN_ENUM_CONVERSION = YES;
				CLANG_WARN_INT_CONVERSION = YES;
				CLANG_WARN_OBJC_ROOT_CLASS = YES_ERROR;
				CLANG_WARN_UNREACHABLE_CODE = YES;
				CLANG_WARN__DUPLICATE_METHOD_MATCH = YES;
				"CODE_SIGN_IDENTITY[sdk=iphoneos*]" = "iPhone Developer";
				COPY_PHASE_STRIP = NO;
				DEBUG_INFORMATION_FORMAT = "dwarf-with-dsym";
				ENABLE_NS_ASSERTIONS = NO;
				ENABLE_STRICT_OBJC_MSGSEND = YES;
				GCC_C_LANGUAGE_STANDARD = gnu99;
				GCC_NO_COMMON_BLOCKS = YES;
				GCC_WARN_64_TO_32_BIT_CONVERSION = YES;
				GCC_WARN_ABOUT_RETURN_TYPE = YES_ERROR;
				GCC_WARN_UNDECLARED_SELECTOR = YES;
				GCC_WARN_UNINITIALIZED_AUTOS = YES_AGGRESSIVE;
				GCC_WARN_UNUSED_FUNCTION = YES;
				GCC_WARN_UNUSED_VARIABLE = YES;
				IPHONEOS_DEPLOYMENT_TARGET = 8.3;
				MTL_ENABLE_DEBUG_INFO = NO;
				SDKROOT = iphoneos;
				TARGETED_DEVICE_FAMILY = "1,2";
				VALIDATE_PRODUCT = YES;
			};
			name = Release;
		};
		652C99751B30BE3D00F6C966 /* Debug */ = {
			isa = XCBuildConfiguration;
			buildSettings = {
				ASSETCATALOG_COMPILER_APPICON_NAME = AppIcon;
				INFOPLIST_FILE = STARBus/Info.plist;
				LD_RUNPATH_SEARCH_PATHS = "$(inherited) @executable_path/Frameworks";
				PRODUCT_NAME = "$(TARGET_NAME)";
			};
			name = Debug;
		};
		652C99761B30BE3D00F6C966 /* Release */ = {
			isa = XCBuildConfiguration;
			buildSettings = {
				ASSETCATALOG_COMPILER_APPICON_NAME = AppIcon;
				INFOPLIST_FILE = STARBus/Info.plist;
				LD_RUNPATH_SEARCH_PATHS = "$(inherited) @executable_path/Frameworks";
				PRODUCT_NAME = "$(TARGET_NAME)";
			};
			name = Release;
		};
		652C99781B30BE3D00F6C966 /* Debug */ = {
			isa = XCBuildConfiguration;
			buildSettings = {
				BUNDLE_LOADER = "$(TEST_HOST)";
				FRAMEWORK_SEARCH_PATHS = (
					"$(SDKROOT)/Developer/Library/Frameworks",
					"$(inherited)",
				);
				GCC_PREPROCESSOR_DEFINITIONS = (
					"DEBUG=1",
					"$(inherited)",
				);
				INFOPLIST_FILE = STARBusTests/Info.plist;
				LD_RUNPATH_SEARCH_PATHS = "$(inherited) @executable_path/Frameworks @loader_path/Frameworks";
				PRODUCT_NAME = "$(TARGET_NAME)";
				TEST_HOST = "$(BUILT_PRODUCTS_DIR)/STARBus.app/STARBus";
			};
			name = Debug;
		};
		652C99791B30BE3D00F6C966 /* Release */ = {
			isa = XCBuildConfiguration;
			buildSettings = {
				BUNDLE_LOADER = "$(TEST_HOST)";
				FRAMEWORK_SEARCH_PATHS = (
					"$(SDKROOT)/Developer/Library/Frameworks",
					"$(inherited)",
				);
				INFOPLIST_FILE = STARBusTests/Info.plist;
				LD_RUNPATH_SEARCH_PATHS = "$(inherited) @executable_path/Frameworks @loader_path/Frameworks";
				PRODUCT_NAME = "$(TARGET_NAME)";
				TEST_HOST = "$(BUILT_PRODUCTS_DIR)/STARBus.app/STARBus";
			};
			name = Release;
		};
/* End XCBuildConfiguration section */

/* Begin XCConfigurationList section */
		652C99491B30BE3C00F6C966 /* Build configuration list for PBXProject "STARBus" */ = {
			isa = XCConfigurationList;
			buildConfigurations = (
				652C99721B30BE3D00F6C966 /* Debug */,
				652C99731B30BE3D00F6C966 /* Release */,
			);
			defaultConfigurationIsVisible = 0;
			defaultConfigurationName = Release;
		};
		652C99741B30BE3D00F6C966 /* Build configuration list for PBXNativeTarget "STARBus" */ = {
			isa = XCConfigurationList;
			buildConfigurations = (
				652C99751B30BE3D00F6C966 /* Debug */,
				652C99761B30BE3D00F6C966 /* Release */,
			);
			defaultConfigurationIsVisible = 0;
			defaultConfigurationName = Release;
		};
		652C99771B30BE3D00F6C966 /* Build configuration list for PBXNativeTarget "STARBusTests" */ = {
			isa = XCConfigurationList;
			buildConfigurations = (
				652C99781B30BE3D00F6C966 /* Debug */,
				652C99791B30BE3D00F6C966 /* Release */,
			);
			defaultConfigurationIsVisible = 0;
			defaultConfigurationName = Release;
		};
/* End XCConfigurationList section */

/* Begin XCVersionGroup section */
		652C99581B30BE3C00F6C966 /* STARBus.xcdatamodeld */ = {
			isa = XCVersionGroup;
			children = (
				652C99591B30BE3C00F6C966 /* STARBus.xcdatamodel */,
			);
			currentVersion = 652C99591B30BE3C00F6C966 /* STARBus.xcdatamodel */;
			path = STARBus.xcdatamodeld;
			sourceTree = "<group>";
			versionGroupType = wrapper.xcdatamodel;
		};
		65DED9FF1B389F53005A6876 /* StarBusModel.xcdatamodeld */ = {
			isa = XCVersionGroup;
			children = (
				65DEDA001B389F53005A6876 /* StarBusModel.xcdatamodel */,
			);
			currentVersion = 65DEDA001B389F53005A6876 /* StarBusModel.xcdatamodel */;
			path = StarBusModel.xcdatamodeld;
			sourceTree = "<group>";
			versionGroupType = wrapper.xcdatamodel;
		};
/* End XCVersionGroup section */
	};
	rootObject = 652C99461B30BE3C00F6C966 /* Project object */;
}
